
Microsoft Visual Studio Solution File, Format Version 12.00
# Visual Studio Version 16
VisualStudioVersion = 16.0.30114.105
MinimumVisualStudioVersion = 10.0.40219.1
Project("{FAE04EC0-301F-11D3-BF4B-00C04F79EFBC}") = "ADO.Repos.Web", "ADO.Repos.Web\ADO.Repos.Web.csproj", "{05ED54F0-029B-4D24-A261-23DACD556F1A}"
EndProject
Project("{FAE04EC0-301F-11D3-BF4B-00C04F79EFBC}") = "ADO.Repos.Models", "ADO.Repos.Models\ADO.Repos.Models.csproj", "{A1875113-9E6A-4EED-86BE-D5826AE83033}"
EndProject
Project("{FAE04EC0-301F-11D3-BF4B-00C04F79EFBC}") = "ADO.Repos.Application", "ADO.Repos.Application\ADO.Repos.Application.csproj", "{470FE1E0-DBE2-4AD8-A671-6D0F684B8D0D}"
EndProject
Project("{FAE04EC0-301F-11D3-BF4B-00C04F79EFBC}") = "ADO.Repos.ExternalServices", "ADO.Repos.ExternalServices\ADO.Repos.ExternalServices.csproj", "{38988738-2C76-4E4B-ACBC-6360B6BA6F78}"
EndProject
Global
	GlobalSection(SolutionConfigurationPlatforms) = preSolution
		Debug|Any CPU = Debug|Any CPU
		Debug|x64 = Debug|x64
		Debug|x86 = Debug|x86
		Release|Any CPU = Release|Any CPU
		Release|x64 = Release|x64
		Release|x86 = Release|x86
	EndGlobalSection
	GlobalSection(SolutionProperties) = preSolution
		HideSolutionNode = FALSE
	EndGlobalSection
	GlobalSection(ProjectConfigurationPlatforms) = postSolution
		{C07BAF56-82FC-4FDA-9DFC-A5ADCA3641EB}.Debug|Any CPU.ActiveCfg = Debug|Any CPU
		{C07BAF56-82FC-4FDA-9DFC-A5ADCA3641EB}.Debug|Any CPU.Build.0 = Debug|Any CPU
		{C07BAF56-82FC-4FDA-9DFC-A5ADCA3641EB}.Debug|x64.ActiveCfg = Debug|Any CPU
		{C07BAF56-82FC-4FDA-9DFC-A5ADCA3641EB}.Debug|x64.Build.0 = Debug|Any CPU
		{C07BAF56-82FC-4FDA-9DFC-A5ADCA3641EB}.Debug|x86.ActiveCfg = Debug|Any CPU
		{C07BAF56-82FC-4FDA-9DFC-A5ADCA3641EB}.Debug|x86.Build.0 = Debug|Any CPU
		{C07BAF56-82FC-4FDA-9DFC-A5ADCA3641EB}.Release|Any CPU.ActiveCfg = Release|Any CPU
		{C07BAF56-82FC-4FDA-9DFC-A5ADCA3641EB}.Release|Any CPU.Build.0 = Release|Any CPU
		{C07BAF56-82FC-4FDA-9DFC-A5ADCA3641EB}.Release|x64.ActiveCfg = Release|Any CPU
		{C07BAF56-82FC-4FDA-9DFC-A5ADCA3641EB}.Release|x64.Build.0 = Release|Any CPU
		{C07BAF56-82FC-4FDA-9DFC-A5ADCA3641EB}.Release|x86.ActiveCfg = Release|Any CPU
		{C07BAF56-82FC-4FDA-9DFC-A5ADCA3641EB}.Release|x86.Build.0 = Release|Any CPU
		{05ED54F0-029B-4D24-A261-23DACD556F1A}.Debug|Any CPU.ActiveCfg = Debug|Any CPU
		{05ED54F0-029B-4D24-A261-23DACD556F1A}.Debug|Any CPU.Build.0 = Debug|Any CPU
		{05ED54F0-029B-4D24-A261-23DACD556F1A}.Debug|x64.ActiveCfg = Debug|Any CPU
		{05ED54F0-029B-4D24-A261-23DACD556F1A}.Debug|x64.Build.0 = Debug|Any CPU
		{05ED54F0-029B-4D24-A261-23DACD556F1A}.Debug|x86.ActiveCfg = Debug|Any CPU
		{05ED54F0-029B-4D24-A261-23DACD556F1A}.Debug|x86.Build.0 = Debug|Any CPU
		{05ED54F0-029B-4D24-A261-23DACD556F1A}.Release|Any CPU.ActiveCfg = Release|Any CPU
		{05ED54F0-029B-4D24-A261-23DACD556F1A}.Release|Any CPU.Build.0 = Release|Any CPU
		{05ED54F0-029B-4D24-A261-23DACD556F1A}.Release|x64.ActiveCfg = Release|Any CPU
		{05ED54F0-029B-4D24-A261-23DACD556F1A}.Release|x64.Build.0 = Release|Any CPU
		{05ED54F0-029B-4D24-A261-23DACD556F1A}.Release|x86.ActiveCfg = Release|Any CPU
		{05ED54F0-029B-4D24-A261-23DACD556F1A}.Release|x86.Build.0 = Release|Any CPU
		{A1875113-9E6A-4EED-86BE-D5826AE83033}.Debug|Any CPU.ActiveCfg = Debug|Any CPU
		{A1875113-9E6A-4EED-86BE-D5826AE83033}.Debug|Any CPU.Build.0 = Debug|Any CPU
		{A1875113-9E6A-4EED-86BE-D5826AE83033}.Debug|x64.ActiveCfg = Debug|Any CPU
		{A1875113-9E6A-4EED-86BE-D5826AE83033}.Debug|x64.Build.0 = Debug|Any CPU
		{A1875113-9E6A-4EED-86BE-D5826AE83033}.Debug|x86.ActiveCfg = Debug|Any CPU
		{A1875113-9E6A-4EED-86BE-D5826AE83033}.Debug|x86.Build.0 = Debug|Any CPU
		{A1875113-9E6A-4EED-86BE-D5826AE83033}.Release|Any CPU.ActiveCfg = Release|Any CPU
		{A1875113-9E6A-4EED-86BE-D5826AE83033}.Release|Any CPU.Build.0 = Release|Any CPU
		{A1875113-9E6A-4EED-86BE-D5826AE83033}.Release|x64.ActiveCfg = Release|Any CPU
		{A1875113-9E6A-4EED-86BE-D5826AE83033}.Release|x64.Build.0 = Release|Any CPU
		{A1875113-9E6A-4EED-86BE-D5826AE83033}.Release|x86.ActiveCfg = Release|Any CPU
		{A1875113-9E6A-4EED-86BE-D5826AE83033}.Release|x86.Build.0 = Release|Any CPU
		{470FE1E0-DBE2-4AD8-A671-6D0F684B8D0D}.Debug|Any CPU.ActiveCfg = Debug|Any CPU
		{470FE1E0-DBE2-4AD8-A671-6D0F684B8D0D}.Debug|Any CPU.Build.0 = Debug|Any CPU
		{470FE1E0-DBE2-4AD8-A671-6D0F684B8D0D}.Debug|x64.ActiveCfg = Debug|Any CPU
		{470FE1E0-DBE2-4AD8-A671-6D0F684B8D0D}.Debug|x64.Build.0 = Debug|Any CPU
		{470FE1E0-DBE2-4AD8-A671-6D0F684B8D0D}.Debug|x86.ActiveCfg = Debug|Any CPU
		{470FE1E0-DBE2-4AD8-A671-6D0F684B8D0D}.Debug|x86.Build.0 = Debug|Any CPU
		{470FE1E0-DBE2-4AD8-A671-6D0F684B8D0D}.Release|Any CPU.ActiveCfg = Release|Any CPU
		{470FE1E0-DBE2-4AD8-A671-6D0F684B8D0D}.Release|Any CPU.Build.0 = Release|Any CPU
		{470FE1E0-DBE2-4AD8-A671-6D0F684B8D0D}.Release|x64.ActiveCfg = Release|Any CPU
		{470FE1E0-DBE2-4AD8-A671-6D0F684B8D0D}.Release|x64.Build.0 = Release|Any CPU
		{470FE1E0-DBE2-4AD8-A671-6D0F684B8D0D}.Release|x86.ActiveCfg = Release|Any CPU
		{470FE1E0-DBE2-4AD8-A671-6D0F684B8D0D}.Release|x86.Build.0 = Release|Any CPU
		{38988738-2C76-4E4B-ACBC-6360B6BA6F78}.Debug|Any CPU.ActiveCfg = Debug|Any CPU
		{38988738-2C76-4E4B-ACBC-6360B6BA6F78}.Debug|Any CPU.Build.0 = Debug|Any CPU
		{38988738-2C76-4E4B-ACBC-6360B6BA6F78}.Debug|x64.ActiveCfg = Debug|Any CPU
		{38988738-2C76-4E4B-ACBC-6360B6BA6F78}.Debug|x64.Build.0 = Debug|Any CPU
		{38988738-2C76-4E4B-ACBC-6360B6BA6F78}.Debug|x86.ActiveCfg = Debug|Any CPU
		{38988738-2C76-4E4B-ACBC-6360B6BA6F78}.Debug|x86.Build.0 = Debug|Any CPU
		{38988738-2C76-4E4B-ACBC-6360B6BA6F78}.Release|Any CPU.ActiveCfg = Release|Any CPU
		{38988738-2C76-4E4B-ACBC-6360B6BA6F78}.Release|Any CPU.Build.0 = Release|Any CPU
		{38988738-2C76-4E4B-ACBC-6360B6BA6F78}.Release|x64.ActiveCfg = Release|Any CPU
		{38988738-2C76-4E4B-ACBC-6360B6BA6F78}.Release|x64.Build.0 = Release|Any CPU
		{38988738-2C76-4E4B-ACBC-6360B6BA6F78}.Release|x86.ActiveCfg = Release|Any CPU
		{38988738-2C76-4E4B-ACBC-6360B6BA6F78}.Release|x86.Build.0 = Release|Any CPU
	EndGlobalSection
EndGlobal
